Microsoft Visual Studio Solution File, Format Version 12.00
# Visual Studio Version 17
VisualStudioVersion = 17.5.2.0
MinimumVisualStudioVersion = 10.0.40219.1
Project("{FAE04EC0-301F-11D3-BF4B-00C04F79EFBC}") = "lab-5-piglatin-encoder-benji-stansfield", "lab-5-piglatin-encoder-benji-stansfield.csproj", "{20696905-10B4-5490-C2B2-16F5BCBBF12C}"
EndProject
Global
	GlobalSection(SolutionConfigurationPlatforms) = preSolution
		Debug|Any CPU = Debug|Any CPU
		Release|Any CPU = Release|Any CPU
	EndGlobalSection
	GlobalSection(ProjectConfigurationPlatforms) = postSolution
		{20696905-10B4-5490-C2B2-16F5BCBBF12C}.Debug|Any CPU.ActiveCfg = Debug|Any CPU
		{20696905-10B4-5490-C2B2-16F5BCBBF12C}.Debug|Any CPU.Build.0 = Debug|Any CPU
		{20696905-10B4-5490-C2B2-16F5BCBBF12C}.Release|Any CPU.ActiveCfg = Release|Any CPU
		{20696905-10B4-5490-C2B2-16F5BCBBF12C}.Release|Any CPU.Build.0 = Release|Any CPU
	EndGlobalSection
	GlobalSection(SolutionProperties) = preSolution
		HideSolutionNode = FALSE
	EndGlobalSection
	GlobalSection(ExtensibilityGlobals) = postSolution
		SolutionGuid = {D0F2067F-34C4-419A-BC9D-A236951A5114}
	EndGlobalSection
EndGlobal
